
Microsoft Visual Studio Solution File, Format Version 12.00
# Visual Studio Version 16
VisualStudioVersion = 16.0.30804.86
MinimumVisualStudioVersion = 10.0.40219.1
Project("{2150E333-8FDC-42A3-9474-1A3956D46DE8}") = "src", "src", "{BF97FFAF-B390-4240-8E5A-DA1CA11516B8}"
EndProject
Project("{2150E333-8FDC-42A3-9474-1A3956D46DE8}") = "Consumer", "Consumer", "{2CD8607E-99F9-4429-859B-AE7E3AA759BA}"
EndProject
Project("{2150E333-8FDC-42A3-9474-1A3956D46DE8}") = "Core", "Core", "{0EC41DD4-89DE-421C-869B-72E3B0428FFE}"
EndProject
Project("{2150E333-8FDC-42A3-9474-1A3956D46DE8}") = "Producer", "Producer", "{6D1DF462-1B2C-4D0B-9CF2-A94C1F45B992}"
EndProject
Project("{2150E333-8FDC-42A3-9474-1A3956D46DE8}") = "WebApi", "WebApi", "{7BF88F03-CEDB-41E1-956A-DD8D506B5631}"
EndProject
Project("{FAE04EC0-301F-11D3-BF4B-00C04F79EFBC}") = "KocDigitalPOC.Producer", "src\KocDigitalPOC.Producer\KocDigitalPOC.Producer.csproj", "{FCDEB3EA-E623-45C8-ADBC-E12E2963E60C}"
EndProject
Project("{FAE04EC0-301F-11D3-BF4B-00C04F79EFBC}") = "KocDigitalPOC.Core", "src\KocDigitalPOC.Core\KocDigitalPOC.Core.csproj", "{C8BC73CB-912A-4697-B331-029F2B733A59}"
EndProject
Project("{FAE04EC0-301F-11D3-BF4B-00C04F79EFBC}") = "KocDigitalPOC.Consumer", "src\KocDigitalPOC.Consumer\KocDigitalPOC.Consumer.csproj", "{EEEEA618-26D7-447D-8737-7F8B2798286B}"
EndProject
Project("{FAE04EC0-301F-11D3-BF4B-00C04F79EFBC}") = "KocDigitalPOC.WebApi", "src\KocDigitalPOC.WebApi\KocDigitalPOC.WebApi.csproj", "{F1651270-0CE9-485F-9047-714C993A5172}"
EndProject
Project("{E53339B2-1760-4266-BCC7-CA923CBCF16C}") = "docker-compose", "docker-compose.dcproj", "{5EA275D2-127F-4BDE-AE0C-96F570433B89}"
EndProject
Project("{2150E333-8FDC-42A3-9474-1A3956D46DE8}") = "Data", "Data", "{99E22BDA-03C8-48AA-96BC-430B21609A75}"
EndProject
Project("{FAE04EC0-301F-11D3-BF4B-00C04F79EFBC}") = "KocDigitalPOC.Data", "src\KocDigitalPOC.Data\KocDigitalPOC.Data.csproj", "{E0C33E45-6458-4BCF-815E-64B8951B8AB4}"
EndProject
Global
	GlobalSection(SolutionConfigurationPlatforms) = preSolution
		Debug|Any CPU = Debug|Any CPU
		Release|Any CPU = Release|Any CPU
	EndGlobalSection
	GlobalSection(ProjectConfigurationPlatforms) = postSolution
		{FCDEB3EA-E623-45C8-ADBC-E12E2963E60C}.Debug|Any CPU.ActiveCfg = Debug|Any CPU
		{FCDEB3EA-E623-45C8-ADBC-E12E2963E60C}.Debug|Any CPU.Build.0 = Debug|Any CPU
		{FCDEB3EA-E623-45C8-ADBC-E12E2963E60C}.Release|Any CPU.ActiveCfg = Release|Any CPU
		{FCDEB3EA-E623-45C8-ADBC-E12E2963E60C}.Release|Any CPU.Build.0 = Release|Any CPU
		{C8BC73CB-912A-4697-B331-029F2B733A59}.Debug|Any CPU.ActiveCfg = Debug|Any CPU
		{C8BC73CB-912A-4697-B331-029F2B733A59}.Debug|Any CPU.Build.0 = Debug|Any CPU
		{C8BC73CB-912A-4697-B331-029F2B733A59}.Release|Any CPU.ActiveCfg = Release|Any CPU
		{C8BC73CB-912A-4697-B331-029F2B733A59}.Release|Any CPU.Build.0 = Release|Any CPU
		{EEEEA618-26D7-447D-8737-7F8B2798286B}.Debug|Any CPU.ActiveCfg = Debug|Any CPU
		{EEEEA618-26D7-447D-8737-7F8B2798286B}.Debug|Any CPU.Build.0 = Debug|Any CPU
		{EEEEA618-26D7-447D-8737-7F8B2798286B}.Release|Any CPU.ActiveCfg = Release|Any CPU
		{EEEEA618-26D7-447D-8737-7F8B2798286B}.Release|Any CPU.Build.0 = Release|Any CPU
		{F1651270-0CE9-485F-9047-714C993A5172}.Debug|Any CPU.ActiveCfg = Debug|Any CPU
		{F1651270-0CE9-485F-9047-714C993A5172}.Debug|Any CPU.Build.0 = Debug|Any CPU
		{F1651270-0CE9-485F-9047-714C993A5172}.Release|Any CPU.ActiveCfg = Release|Any CPU
		{F1651270-0CE9-485F-9047-714C993A5172}.Release|Any CPU.Build.0 = Release|Any CPU
		{5EA275D2-127F-4BDE-AE0C-96F570433B89}.Debug|Any CPU.ActiveCfg = Debug|Any CPU
		{5EA275D2-127F-4BDE-AE0C-96F570433B89}.Debug|Any CPU.Build.0 = Debug|Any CPU
		{5EA275D2-127F-4BDE-AE0C-96F570433B89}.Release|Any CPU.ActiveCfg = Release|Any CPU
		{5EA275D2-127F-4BDE-AE0C-96F570433B89}.Release|Any CPU.Build.0 = Release|Any CPU
		{E0C33E45-6458-4BCF-815E-64B8951B8AB4}.Debug|Any CPU.ActiveCfg = Debug|Any CPU
		{E0C33E45-6458-4BCF-815E-64B8951B8AB4}.Debug|Any CPU.Build.0 = Debug|Any CPU
		{E0C33E45-6458-4BCF-815E-64B8951B8AB4}.Release|Any CPU.ActiveCfg = Release|Any CPU
		{E0C33E45-6458-4BCF-815E-64B8951B8AB4}.Release|Any CPU.Build.0 = Release|Any CPU
	EndGlobalSection
	GlobalSection(SolutionProperties) = preSolution
		HideSolutionNode = FALSE
	EndGlobalSection
	GlobalSection(NestedProjects) = preSolution
		{2CD8607E-99F9-4429-859B-AE7E3AA759BA} = {BF97FFAF-B390-4240-8E5A-DA1CA11516B8}
		{0EC41DD4-89DE-421C-869B-72E3B0428FFE} = {BF97FFAF-B390-4240-8E5A-DA1CA11516B8}
		{6D1DF462-1B2C-4D0B-9CF2-A94C1F45B992} = {BF97FFAF-B390-4240-8E5A-DA1CA11516B8}
		{7BF88F03-CEDB-41E1-956A-DD8D506B5631} = {BF97FFAF-B390-4240-8E5A-DA1CA11516B8}
		{FCDEB3EA-E623-45C8-ADBC-E12E2963E60C} = {6D1DF462-1B2C-4D0B-9CF2-A94C1F45B992}
		{C8BC73CB-912A-4697-B331-029F2B733A59} = {0EC41DD4-89DE-421C-869B-72E3B0428FFE}
		{EEEEA618-26D7-447D-8737-7F8B2798286B} = {2CD8607E-99F9-4429-859B-AE7E3AA759BA}
		{F1651270-0CE9-485F-9047-714C993A5172} = {7BF88F03-CEDB-41E1-956A-DD8D506B5631}
		{99E22BDA-03C8-48AA-96BC-430B21609A75} = {BF97FFAF-B390-4240-8E5A-DA1CA11516B8}
		{E0C33E45-6458-4BCF-815E-64B8951B8AB4} = {99E22BDA-03C8-48AA-96BC-430B21609A75}
	EndGlobalSection
	GlobalSection(ExtensibilityGlobals) = postSolution
		SolutionGuid = {00D7E4DF-EC52-4A18-9F7D-DE511416B681}
	EndGlobalSection
EndGlobal
